PODS:
  - DifferenceKit/Core (1.2.0)
  - RxCocoa (6.1.0):
    - RxRelay (= 6.1.0)
    - RxSwift (= 6.1.0)
  - RxRelay (6.1.0):
    - RxSwift (= 6.1.0)
  - RxSwift (6.1.0)
  - SwiftUIKit_pro (1.1.0):
    - SwiftUIKit_pro/Core (= 1.1.0)
  - SwiftUIKit_pro/Core (1.1.0)

DEPENDENCIES:
  - DifferenceKit/Core (~> 1.1)
  - RxCocoa
  - RxSwift
  - SwiftUIKit_pro (~> 1.1.0)

SPEC REPOS:
  trunk:
    - DifferenceKit
    - RxCocoa
    - RxRelay
    - RxSwift
    - SwiftUIKit_pro

SPEC CHECKSUMS:
  DifferenceKit: 5659c430bb7fe45876fa32ce5cba5d6167f0c805
  RxCocoa: 5c51f02d562cbd94629f6c26cf0c80fe4ab8d343
  RxRelay: 483e1a19fad961b41f0b0c0bee506f46c1ae14fe
  RxSwift: a834e5c538e89eca0cae86f403f4fbf0336786ce
  SwiftUIKit_pro: d783b1b753bc07d577147bda29d5138f4c745a70

PODFILE CHECKSUM: 1b2a632928cbd23b59c849a931132b1beec6807b

COCOAPODS: 1.10.1
